
Microsoft Visual Studio Solution File, Format Version 12.00
# Visual Studio Version 16
VisualStudioVersion = 16.0.29728.190
MinimumVisualStudioVersion = 10.0.40219.1
Project("{2150E333-8FDC-42A3-9474-1A3956D46DE8}") = "src", "src", "{A1D285B1-BE3B-41FB-8E34-1146F9AAEFD1}"
EndProject
Project("{2150E333-8FDC-42A3-9474-1A3956D46DE8}") = "test", "test", "{DBD7640C-8D91-46C7-B10C-53F39A8CCE8D}"
EndProject
Project("{9A19103F-16F7-4668-BE54-9A1E7A4F7556}") = "Boggle.Core", "src\Boggle.Core\Boggle.Core.csproj", "{31507E27-1164-4A51-A0DB-41DF0B4DD192}"
EndProject
Project("{9A19103F-16F7-4668-BE54-9A1E7A4F7556}") = "Boggle.Core.Tests", "test\Boggle.Core.Tests\Boggle.Core.Tests.csproj", "{1F5505D4-25A6-4731-85DE-8DC154231A13}"
EndProject
Global
	GlobalSection(SolutionConfigurationPlatforms) = preSolution
		Debug|Any CPU = Debug|Any CPU
		Release|Any CPU = Release|Any CPU
	EndGlobalSection
	GlobalSection(ProjectConfigurationPlatforms) = postSolution
		{31507E27-1164-4A51-A0DB-41DF0B4DD192}.Debug|Any CPU.ActiveCfg = Debug|Any CPU
		{31507E27-1164-4A51-A0DB-41DF0B4DD192}.Debug|Any CPU.Build.0 = Debug|Any CPU
		{31507E27-1164-4A51-A0DB-41DF0B4DD192}.Release|Any CPU.ActiveCfg = Release|Any CPU
		{31507E27-1164-4A51-A0DB-41DF0B4DD192}.Release|Any CPU.Build.0 = Release|Any CPU
		{1F5505D4-25A6-4731-85DE-8DC154231A13}.Debug|Any CPU.ActiveCfg = Debug|Any CPU
		{1F5505D4-25A6-4731-85DE-8DC154231A13}.Debug|Any CPU.Build.0 = Debug|Any CPU
		{1F5505D4-25A6-4731-85DE-8DC154231A13}.Release|Any CPU.ActiveCfg = Release|Any CPU
		{1F5505D4-25A6-4731-85DE-8DC154231A13}.Release|Any CPU.Build.0 = Release|Any CPU
	EndGlobalSection
	GlobalSection(SolutionProperties) = preSolution
		HideSolutionNode = FALSE
	EndGlobalSection
	GlobalSection(NestedProjects) = preSolution
		{31507E27-1164-4A51-A0DB-41DF0B4DD192} = {A1D285B1-BE3B-41FB-8E34-1146F9AAEFD1}
		{1F5505D4-25A6-4731-85DE-8DC154231A13} = {DBD7640C-8D91-46C7-B10C-53F39A8CCE8D}
	EndGlobalSection
	GlobalSection(ExtensibilityGlobals) = postSolution
		SolutionGuid = {CC06AE76-00EF-4FD5-BEED-EFEE36598B2D}
	EndGlobalSection
EndGlobal
